Microsoft Visual Studio Solution File, Format Version 12.00
# Visual Studio 15
VisualStudioVersion = 15.0.26730.16
MinimumVisualStudioVersion = 15.0.26124.0
Project("{2150E333-8FDC-42A3-9474-1A3956D46DE8}") = "src", "src", "{8BAB2CA9-E634-4EB2-AB69-01322F659CE0}"
EndProject
Project("{9A19103F-16F7-4668-BE54-9A1E7A4F7556}") = "Sharpy", "src\Sharpy\Sharpy.csproj", "{070F5B58-B25C-4932-8160-DD340A01016E}"
EndProject
Project("{9A19103F-16F7-4668-BE54-9A1E7A4F7556}") = "Sharpy.Core", "src\Sharpy.Core\Sharpy.Core.csproj", "{34520E32-EC7E-4672-A750-5CBF1E6081B1}"
EndProject
Project("{9A19103F-16F7-4668-BE54-9A1E7A4F7556}") = "Tests", "Tests\Tests.csproj", "{EC9D098D-CDB3-448D-9E68-5FEA78AEC8E2}"
EndProject
Project("{FAE04EC0-301F-11D3-BF4B-00C04F79EFBC}") = "Sharpy.Builder", "Sharpy.Builder\Sharpy.Builder.csproj", "{5A1B5CD5-0452-4842-8028-12DD3AFE3ED0}"
EndProject
Global
	GlobalSection(SolutionConfigurationPlatforms) = preSolution
		Debug|Any CPU = Debug|Any CPU
		Debug|x64 = Debug|x64
		Debug|x86 = Debug|x86
		Release|Any CPU = Release|Any CPU
		Release|x64 = Release|x64
		Release|x86 = Release|x86
	EndGlobalSection
	GlobalSection(ProjectConfigurationPlatforms) = postSolution
		{070F5B58-B25C-4932-8160-DD340A01016E}.Debug|Any CPU.ActiveCfg = Debug|Any CPU
		{070F5B58-B25C-4932-8160-DD340A01016E}.Debug|Any CPU.Build.0 = Debug|Any CPU
		{070F5B58-B25C-4932-8160-DD340A01016E}.Debug|x64.ActiveCfg = Debug|Any CPU
		{070F5B58-B25C-4932-8160-DD340A01016E}.Debug|x64.Build.0 = Debug|Any CPU
		{070F5B58-B25C-4932-8160-DD340A01016E}.Debug|x86.ActiveCfg = Debug|Any CPU
		{070F5B58-B25C-4932-8160-DD340A01016E}.Debug|x86.Build.0 = Debug|Any CPU
		{070F5B58-B25C-4932-8160-DD340A01016E}.Release|Any CPU.ActiveCfg = Release|Any CPU
		{070F5B58-B25C-4932-8160-DD340A01016E}.Release|Any CPU.Build.0 = Release|Any CPU
		{070F5B58-B25C-4932-8160-DD340A01016E}.Release|x64.ActiveCfg = Release|Any CPU
		{070F5B58-B25C-4932-8160-DD340A01016E}.Release|x64.Build.0 = Release|Any CPU
		{070F5B58-B25C-4932-8160-DD340A01016E}.Release|x86.ActiveCfg = Release|Any CPU
		{070F5B58-B25C-4932-8160-DD340A01016E}.Release|x86.Build.0 = Release|Any CPU
		{34520E32-EC7E-4672-A750-5CBF1E6081B1}.Debug|Any CPU.ActiveCfg = Debug|Any CPU
		{34520E32-EC7E-4672-A750-5CBF1E6081B1}.Debug|Any CPU.Build.0 = Debug|Any CPU
		{34520E32-EC7E-4672-A750-5CBF1E6081B1}.Debug|x64.ActiveCfg = Debug|Any CPU
		{34520E32-EC7E-4672-A750-5CBF1E6081B1}.Debug|x64.Build.0 = Debug|Any CPU
		{34520E32-EC7E-4672-A750-5CBF1E6081B1}.Debug|x86.ActiveCfg = Debug|Any CPU
		{34520E32-EC7E-4672-A750-5CBF1E6081B1}.Debug|x86.Build.0 = Debug|Any CPU
		{34520E32-EC7E-4672-A750-5CBF1E6081B1}.Release|Any CPU.ActiveCfg = Release|Any CPU
		{34520E32-EC7E-4672-A750-5CBF1E6081B1}.Release|Any CPU.Build.0 = Release|Any CPU
		{34520E32-EC7E-4672-A750-5CBF1E6081B1}.Release|x64.ActiveCfg = Release|Any CPU
		{34520E32-EC7E-4672-A750-5CBF1E6081B1}.Release|x64.Build.0 = Release|Any CPU
		{34520E32-EC7E-4672-A750-5CBF1E6081B1}.Release|x86.ActiveCfg = Release|Any CPU
		{34520E32-EC7E-4672-A750-5CBF1E6081B1}.Release|x86.Build.0 = Release|Any CPU
		{EC9D098D-CDB3-448D-9E68-5FEA78AEC8E2}.Debug|Any CPU.ActiveCfg = Debug|Any CPU
		{EC9D098D-CDB3-448D-9E68-5FEA78AEC8E2}.Debug|Any CPU.Build.0 = Debug|Any CPU
		{EC9D098D-CDB3-448D-9E68-5FEA78AEC8E2}.Debug|x64.ActiveCfg = Debug|Any CPU
		{EC9D098D-CDB3-448D-9E68-5FEA78AEC8E2}.Debug|x64.Build.0 = Debug|Any CPU
		{EC9D098D-CDB3-448D-9E68-5FEA78AEC8E2}.Debug|x86.ActiveCfg = Debug|Any CPU
		{EC9D098D-CDB3-448D-9E68-5FEA78AEC8E2}.Debug|x86.Build.0 = Debug|Any CPU
		{EC9D098D-CDB3-448D-9E68-5FEA78AEC8E2}.Release|Any CPU.ActiveCfg = Release|Any CPU
		{EC9D098D-CDB3-448D-9E68-5FEA78AEC8E2}.Release|Any CPU.Build.0 = Release|Any CPU
		{EC9D098D-CDB3-448D-9E68-5FEA78AEC8E2}.Release|x64.ActiveCfg = Release|Any CPU
		{EC9D098D-CDB3-448D-9E68-5FEA78AEC8E2}.Release|x64.Build.0 = Release|Any CPU
		{EC9D098D-CDB3-448D-9E68-5FEA78AEC8E2}.Release|x86.ActiveCfg = Release|Any CPU
		{EC9D098D-CDB3-448D-9E68-5FEA78AEC8E2}.Release|x86.Build.0 = Release|Any CPU
		{5A1B5CD5-0452-4842-8028-12DD3AFE3ED0}.Debug|Any CPU.ActiveCfg = Debug|Any CPU
		{5A1B5CD5-0452-4842-8028-12DD3AFE3ED0}.Debug|Any CPU.Build.0 = Debug|Any CPU
		{5A1B5CD5-0452-4842-8028-12DD3AFE3ED0}.Debug|x64.ActiveCfg = Debug|Any CPU
		{5A1B5CD5-0452-4842-8028-12DD3AFE3ED0}.Debug|x64.Build.0 = Debug|Any CPU
		{5A1B5CD5-0452-4842-8028-12DD3AFE3ED0}.Debug|x86.ActiveCfg = Debug|Any CPU
		{5A1B5CD5-0452-4842-8028-12DD3AFE3ED0}.Debug|x86.Build.0 = Debug|Any CPU
		{5A1B5CD5-0452-4842-8028-12DD3AFE3ED0}.Release|Any CPU.ActiveCfg = Release|Any CPU
		{5A1B5CD5-0452-4842-8028-12DD3AFE3ED0}.Release|Any CPU.Build.0 = Release|Any CPU
		{5A1B5CD5-0452-4842-8028-12DD3AFE3ED0}.Release|x64.ActiveCfg = Release|Any CPU
		{5A1B5CD5-0452-4842-8028-12DD3AFE3ED0}.Release|x64.Build.0 = Release|Any CPU
		{5A1B5CD5-0452-4842-8028-12DD3AFE3ED0}.Release|x86.ActiveCfg = Release|Any CPU
		{5A1B5CD5-0452-4842-8028-12DD3AFE3ED0}.Release|x86.Build.0 = Release|Any CPU
	EndGlobalSection
	GlobalSection(SolutionProperties) = preSolution
		HideSolutionNode = FALSE
	EndGlobalSection
	GlobalSection(NestedProjects) = preSolution
		{070F5B58-B25C-4932-8160-DD340A01016E} = {8BAB2CA9-E634-4EB2-AB69-01322F659CE0}
		{34520E32-EC7E-4672-A750-5CBF1E6081B1} = {8BAB2CA9-E634-4EB2-AB69-01322F659CE0}
		{5A1B5CD5-0452-4842-8028-12DD3AFE3ED0} = {8BAB2CA9-E634-4EB2-AB69-01322F659CE0}
	EndGlobalSection
	GlobalSection(ExtensibilityGlobals) = postSolution
		SolutionGuid = {D3931C3B-DC35-4C92-A77C-75F2C1278C2E}
	EndGlobalSection
EndGlobal
