Microsoft Visual Studio Solution File, Format Version 12.00
# Visual Studio 15
VisualStudioVersion = 15.0.27004.2010
MinimumVisualStudioVersion = 15.0.26124.0
Project("{2150E333-8FDC-42A3-9474-1A3956D46DE8}") = "src", "src", "{8BAB2CA9-E634-4EB2-AB69-01322F659CE0}"
EndProject
Project("{9A19103F-16F7-4668-BE54-9A1E7A4F7556}") = "Sharpy", "src\Sharpy\Sharpy.csproj", "{070F5B58-B25C-4932-8160-DD340A01016E}"
EndProject
Project("{9A19103F-16F7-4668-BE54-9A1E7A4F7556}") = "Sharpy.Core", "src\Sharpy.Core\Sharpy.Core.csproj", "{34520E32-EC7E-4672-A750-5CBF1E6081B1}"
EndProject
Project("{9A19103F-16F7-4668-BE54-9A1E7A4F7556}") = "Sharpy.Builder", "src\Sharpy.Builder\Sharpy.Builder.csproj", "{5A1B5CD5-0452-4842-8028-12DD3AFE3ED0}"
EndProject
Project("{9A19103F-16F7-4668-BE54-9A1E7A4F7556}") = "Sharpy.Tests", "tests\Sharpy.Tests\Sharpy.Tests.csproj", "{877BA5D5-B5E7-40A4-8460-A12FFE8B5BB5}"
EndProject
Project("{9A19103F-16F7-4668-BE54-9A1E7A4F7556}") = "Sharpy.Core.Tests", "tests\Sharpy.Core.Tests\Sharpy.Core.Tests.csproj", "{B08B1B5B-DF8D-42CD-B868-F2943097E578}"
EndProject
Project("{9A19103F-16F7-4668-BE54-9A1E7A4F7556}") = "Sharpy.Builder.Tests", "tests\Sharpy.Builder.Tests\Sharpy.Builder.Tests.csproj", "{E7B76952-B2C8-4DEC-B14B-EDF8DAF83B5C}"
EndProject
Project("{2150E333-8FDC-42A3-9474-1A3956D46DE8}") = "tests", "tests", "{B38DE6EA-5369-401E-8360-10C9CDE0D315}"
EndProject
Project("{FAE04EC0-301F-11D3-BF4B-00C04F79EFBC}") = "Sharpy.ReactiveBuilder", "src\Sharpy.ReactiveBuilder\Sharpy.ReactiveBuilder.csproj", "{A1BC80CD-0F41-4772-82D9-5A08A051D130}"
EndProject
Project("{FAE04EC0-301F-11D3-BF4B-00C04F79EFBC}") = "Sharpy.ReactiveBuilder.Tests", "tests\Sharpy.ReactiveBuilder.Tests\Sharpy.ReactiveBuilder.Tests.csproj", "{3B9DAD6C-2D6C-4E5A-92F8-333855D6FDBA}"
EndProject
Project("{FAE04EC0-301F-11D3-BF4B-00C04F79EFBC}") = "Random.Extensions", "src\Random.Extensions\Random.Extensions.csproj", "{A830E118-0FAA-4738-B196-3C7FEAC07D3C}"
EndProject
Project("{FAE04EC0-301F-11D3-BF4B-00C04F79EFBC}") = "Random.Extensions.Tests", "tests\Random.Extensions.Tests\Random.Extensions.Tests.csproj", "{7282445F-6F02-41CA-8BC6-2D5A413AD985}"
EndProject
Global
	GlobalSection(SolutionConfigurationPlatforms) = preSolution
		Debug|Any CPU = Debug|Any CPU
		Debug|x64 = Debug|x64
		Debug|x86 = Debug|x86
		Release|Any CPU = Release|Any CPU
		Release|x64 = Release|x64
		Release|x86 = Release|x86
	EndGlobalSection
	GlobalSection(ProjectConfigurationPlatforms) = postSolution
		{070F5B58-B25C-4932-8160-DD340A01016E}.Debug|Any CPU.ActiveCfg = Debug|Any CPU
		{070F5B58-B25C-4932-8160-DD340A01016E}.Debug|Any CPU.Build.0 = Debug|Any CPU
		{070F5B58-B25C-4932-8160-DD340A01016E}.Debug|x64.ActiveCfg = Debug|Any CPU
		{070F5B58-B25C-4932-8160-DD340A01016E}.Debug|x64.Build.0 = Debug|Any CPU
		{070F5B58-B25C-4932-8160-DD340A01016E}.Debug|x86.ActiveCfg = Debug|Any CPU
		{070F5B58-B25C-4932-8160-DD340A01016E}.Debug|x86.Build.0 = Debug|Any CPU
		{070F5B58-B25C-4932-8160-DD340A01016E}.Release|Any CPU.ActiveCfg = Release|Any CPU
		{070F5B58-B25C-4932-8160-DD340A01016E}.Release|Any CPU.Build.0 = Release|Any CPU
		{070F5B58-B25C-4932-8160-DD340A01016E}.Release|x64.ActiveCfg = Release|Any CPU
		{070F5B58-B25C-4932-8160-DD340A01016E}.Release|x64.Build.0 = Release|Any CPU
		{070F5B58-B25C-4932-8160-DD340A01016E}.Release|x86.ActiveCfg = Release|Any CPU
		{070F5B58-B25C-4932-8160-DD340A01016E}.Release|x86.Build.0 = Release|Any CPU
		{34520E32-EC7E-4672-A750-5CBF1E6081B1}.Debug|Any CPU.ActiveCfg = Debug|Any CPU
		{34520E32-EC7E-4672-A750-5CBF1E6081B1}.Debug|Any CPU.Build.0 = Debug|Any CPU
		{34520E32-EC7E-4672-A750-5CBF1E6081B1}.Debug|x64.ActiveCfg = Debug|Any CPU
		{34520E32-EC7E-4672-A750-5CBF1E6081B1}.Debug|x64.Build.0 = Debug|Any CPU
		{34520E32-EC7E-4672-A750-5CBF1E6081B1}.Debug|x86.ActiveCfg = Debug|Any CPU
		{34520E32-EC7E-4672-A750-5CBF1E6081B1}.Debug|x86.Build.0 = Debug|Any CPU
		{34520E32-EC7E-4672-A750-5CBF1E6081B1}.Release|Any CPU.ActiveCfg = Release|Any CPU
		{34520E32-EC7E-4672-A750-5CBF1E6081B1}.Release|Any CPU.Build.0 = Release|Any CPU
		{34520E32-EC7E-4672-A750-5CBF1E6081B1}.Release|x64.ActiveCfg = Release|Any CPU
		{34520E32-EC7E-4672-A750-5CBF1E6081B1}.Release|x64.Build.0 = Release|Any CPU
		{34520E32-EC7E-4672-A750-5CBF1E6081B1}.Release|x86.ActiveCfg = Release|Any CPU
		{34520E32-EC7E-4672-A750-5CBF1E6081B1}.Release|x86.Build.0 = Release|Any CPU
		{5A1B5CD5-0452-4842-8028-12DD3AFE3ED0}.Debug|Any CPU.ActiveCfg = Debug|Any CPU
		{5A1B5CD5-0452-4842-8028-12DD3AFE3ED0}.Debug|Any CPU.Build.0 = Debug|Any CPU
		{5A1B5CD5-0452-4842-8028-12DD3AFE3ED0}.Debug|x64.ActiveCfg = Debug|Any CPU
		{5A1B5CD5-0452-4842-8028-12DD3AFE3ED0}.Debug|x64.Build.0 = Debug|Any CPU
		{5A1B5CD5-0452-4842-8028-12DD3AFE3ED0}.Debug|x86.ActiveCfg = Debug|Any CPU
		{5A1B5CD5-0452-4842-8028-12DD3AFE3ED0}.Debug|x86.Build.0 = Debug|Any CPU
		{5A1B5CD5-0452-4842-8028-12DD3AFE3ED0}.Release|Any CPU.ActiveCfg = Release|Any CPU
		{5A1B5CD5-0452-4842-8028-12DD3AFE3ED0}.Release|Any CPU.Build.0 = Release|Any CPU
		{5A1B5CD5-0452-4842-8028-12DD3AFE3ED0}.Release|x64.ActiveCfg = Release|Any CPU
		{5A1B5CD5-0452-4842-8028-12DD3AFE3ED0}.Release|x64.Build.0 = Release|Any CPU
		{5A1B5CD5-0452-4842-8028-12DD3AFE3ED0}.Release|x86.ActiveCfg = Release|Any CPU
		{5A1B5CD5-0452-4842-8028-12DD3AFE3ED0}.Release|x86.Build.0 = Release|Any CPU
		{877BA5D5-B5E7-40A4-8460-A12FFE8B5BB5}.Debug|Any CPU.ActiveCfg = Debug|Any CPU
		{877BA5D5-B5E7-40A4-8460-A12FFE8B5BB5}.Debug|Any CPU.Build.0 = Debug|Any CPU
		{877BA5D5-B5E7-40A4-8460-A12FFE8B5BB5}.Debug|x64.ActiveCfg = Debug|Any CPU
		{877BA5D5-B5E7-40A4-8460-A12FFE8B5BB5}.Debug|x64.Build.0 = Debug|Any CPU
		{877BA5D5-B5E7-40A4-8460-A12FFE8B5BB5}.Debug|x86.ActiveCfg = Debug|Any CPU
		{877BA5D5-B5E7-40A4-8460-A12FFE8B5BB5}.Debug|x86.Build.0 = Debug|Any CPU
		{877BA5D5-B5E7-40A4-8460-A12FFE8B5BB5}.Release|Any CPU.ActiveCfg = Release|Any CPU
		{877BA5D5-B5E7-40A4-8460-A12FFE8B5BB5}.Release|Any CPU.Build.0 = Release|Any CPU
		{877BA5D5-B5E7-40A4-8460-A12FFE8B5BB5}.Release|x64.ActiveCfg = Release|Any CPU
		{877BA5D5-B5E7-40A4-8460-A12FFE8B5BB5}.Release|x64.Build.0 = Release|Any CPU
		{877BA5D5-B5E7-40A4-8460-A12FFE8B5BB5}.Release|x86.ActiveCfg = Release|Any CPU
		{877BA5D5-B5E7-40A4-8460-A12FFE8B5BB5}.Release|x86.Build.0 = Release|Any CPU
		{B08B1B5B-DF8D-42CD-B868-F2943097E578}.Debug|Any CPU.ActiveCfg = Debug|Any CPU
		{B08B1B5B-DF8D-42CD-B868-F2943097E578}.Debug|Any CPU.Build.0 = Debug|Any CPU
		{B08B1B5B-DF8D-42CD-B868-F2943097E578}.Debug|x64.ActiveCfg = Debug|Any CPU
		{B08B1B5B-DF8D-42CD-B868-F2943097E578}.Debug|x64.Build.0 = Debug|Any CPU
		{B08B1B5B-DF8D-42CD-B868-F2943097E578}.Debug|x86.ActiveCfg = Debug|Any CPU
		{B08B1B5B-DF8D-42CD-B868-F2943097E578}.Debug|x86.Build.0 = Debug|Any CPU
		{B08B1B5B-DF8D-42CD-B868-F2943097E578}.Release|Any CPU.ActiveCfg = Release|Any CPU
		{B08B1B5B-DF8D-42CD-B868-F2943097E578}.Release|Any CPU.Build.0 = Release|Any CPU
		{B08B1B5B-DF8D-42CD-B868-F2943097E578}.Release|x64.ActiveCfg = Release|Any CPU
		{B08B1B5B-DF8D-42CD-B868-F2943097E578}.Release|x64.Build.0 = Release|Any CPU
		{B08B1B5B-DF8D-42CD-B868-F2943097E578}.Release|x86.ActiveCfg = Release|Any CPU
		{B08B1B5B-DF8D-42CD-B868-F2943097E578}.Release|x86.Build.0 = Release|Any CPU
		{E7B76952-B2C8-4DEC-B14B-EDF8DAF83B5C}.Debug|Any CPU.ActiveCfg = Debug|Any CPU
		{E7B76952-B2C8-4DEC-B14B-EDF8DAF83B5C}.Debug|Any CPU.Build.0 = Debug|Any CPU
		{E7B76952-B2C8-4DEC-B14B-EDF8DAF83B5C}.Debug|x64.ActiveCfg = Debug|Any CPU
		{E7B76952-B2C8-4DEC-B14B-EDF8DAF83B5C}.Debug|x64.Build.0 = Debug|Any CPU
		{E7B76952-B2C8-4DEC-B14B-EDF8DAF83B5C}.Debug|x86.ActiveCfg = Debug|Any CPU
		{E7B76952-B2C8-4DEC-B14B-EDF8DAF83B5C}.Debug|x86.Build.0 = Debug|Any CPU
		{E7B76952-B2C8-4DEC-B14B-EDF8DAF83B5C}.Release|Any CPU.ActiveCfg = Release|Any CPU
		{E7B76952-B2C8-4DEC-B14B-EDF8DAF83B5C}.Release|Any CPU.Build.0 = Release|Any CPU
		{E7B76952-B2C8-4DEC-B14B-EDF8DAF83B5C}.Release|x64.ActiveCfg = Release|Any CPU
		{E7B76952-B2C8-4DEC-B14B-EDF8DAF83B5C}.Release|x64.Build.0 = Release|Any CPU
		{E7B76952-B2C8-4DEC-B14B-EDF8DAF83B5C}.Release|x86.ActiveCfg = Release|Any CPU
		{E7B76952-B2C8-4DEC-B14B-EDF8DAF83B5C}.Release|x86.Build.0 = Release|Any CPU
		{A1BC80CD-0F41-4772-82D9-5A08A051D130}.Debug|Any CPU.ActiveCfg = Debug|Any CPU
		{A1BC80CD-0F41-4772-82D9-5A08A051D130}.Debug|Any CPU.Build.0 = Debug|Any CPU
		{A1BC80CD-0F41-4772-82D9-5A08A051D130}.Debug|x64.ActiveCfg = Debug|Any CPU
		{A1BC80CD-0F41-4772-82D9-5A08A051D130}.Debug|x64.Build.0 = Debug|Any CPU
		{A1BC80CD-0F41-4772-82D9-5A08A051D130}.Debug|x86.ActiveCfg = Debug|Any CPU
		{A1BC80CD-0F41-4772-82D9-5A08A051D130}.Debug|x86.Build.0 = Debug|Any CPU
		{A1BC80CD-0F41-4772-82D9-5A08A051D130}.Release|Any CPU.ActiveCfg = Release|Any CPU
		{A1BC80CD-0F41-4772-82D9-5A08A051D130}.Release|Any CPU.Build.0 = Release|Any CPU
		{A1BC80CD-0F41-4772-82D9-5A08A051D130}.Release|x64.ActiveCfg = Release|Any CPU
		{A1BC80CD-0F41-4772-82D9-5A08A051D130}.Release|x64.Build.0 = Release|Any CPU
		{A1BC80CD-0F41-4772-82D9-5A08A051D130}.Release|x86.ActiveCfg = Release|Any CPU
		{A1BC80CD-0F41-4772-82D9-5A08A051D130}.Release|x86.Build.0 = Release|Any CPU
		{3B9DAD6C-2D6C-4E5A-92F8-333855D6FDBA}.Debug|Any CPU.ActiveCfg = Debug|Any CPU
		{3B9DAD6C-2D6C-4E5A-92F8-333855D6FDBA}.Debug|Any CPU.Build.0 = Debug|Any CPU
		{3B9DAD6C-2D6C-4E5A-92F8-333855D6FDBA}.Debug|x64.ActiveCfg = Debug|Any CPU
		{3B9DAD6C-2D6C-4E5A-92F8-333855D6FDBA}.Debug|x64.Build.0 = Debug|Any CPU
		{3B9DAD6C-2D6C-4E5A-92F8-333855D6FDBA}.Debug|x86.ActiveCfg = Debug|Any CPU
		{3B9DAD6C-2D6C-4E5A-92F8-333855D6FDBA}.Debug|x86.Build.0 = Debug|Any CPU
		{3B9DAD6C-2D6C-4E5A-92F8-333855D6FDBA}.Release|Any CPU.ActiveCfg = Release|Any CPU
		{3B9DAD6C-2D6C-4E5A-92F8-333855D6FDBA}.Release|Any CPU.Build.0 = Release|Any CPU
		{3B9DAD6C-2D6C-4E5A-92F8-333855D6FDBA}.Release|x64.ActiveCfg = Release|Any CPU
		{3B9DAD6C-2D6C-4E5A-92F8-333855D6FDBA}.Release|x64.Build.0 = Release|Any CPU
		{3B9DAD6C-2D6C-4E5A-92F8-333855D6FDBA}.Release|x86.ActiveCfg = Release|Any CPU
		{3B9DAD6C-2D6C-4E5A-92F8-333855D6FDBA}.Release|x86.Build.0 = Release|Any CPU
		{A830E118-0FAA-4738-B196-3C7FEAC07D3C}.Debug|Any CPU.ActiveCfg = Debug|Any CPU
		{A830E118-0FAA-4738-B196-3C7FEAC07D3C}.Debug|Any CPU.Build.0 = Debug|Any CPU
		{A830E118-0FAA-4738-B196-3C7FEAC07D3C}.Debug|x64.ActiveCfg = Debug|Any CPU
		{A830E118-0FAA-4738-B196-3C7FEAC07D3C}.Debug|x64.Build.0 = Debug|Any CPU
		{A830E118-0FAA-4738-B196-3C7FEAC07D3C}.Debug|x86.ActiveCfg = Debug|Any CPU
		{A830E118-0FAA-4738-B196-3C7FEAC07D3C}.Debug|x86.Build.0 = Debug|Any CPU
		{A830E118-0FAA-4738-B196-3C7FEAC07D3C}.Release|Any CPU.ActiveCfg = Release|Any CPU
		{A830E118-0FAA-4738-B196-3C7FEAC07D3C}.Release|Any CPU.Build.0 = Release|Any CPU
		{A830E118-0FAA-4738-B196-3C7FEAC07D3C}.Release|x64.ActiveCfg = Release|Any CPU
		{A830E118-0FAA-4738-B196-3C7FEAC07D3C}.Release|x64.Build.0 = Release|Any CPU
		{A830E118-0FAA-4738-B196-3C7FEAC07D3C}.Release|x86.ActiveCfg = Release|Any CPU
		{A830E118-0FAA-4738-B196-3C7FEAC07D3C}.Release|x86.Build.0 = Release|Any CPU
		{7282445F-6F02-41CA-8BC6-2D5A413AD985}.Debug|Any CPU.ActiveCfg = Debug|Any CPU
		{7282445F-6F02-41CA-8BC6-2D5A413AD985}.Debug|Any CPU.Build.0 = Debug|Any CPU
		{7282445F-6F02-41CA-8BC6-2D5A413AD985}.Debug|x64.ActiveCfg = Debug|Any CPU
		{7282445F-6F02-41CA-8BC6-2D5A413AD985}.Debug|x64.Build.0 = Debug|Any CPU
		{7282445F-6F02-41CA-8BC6-2D5A413AD985}.Debug|x86.ActiveCfg = Debug|Any CPU
		{7282445F-6F02-41CA-8BC6-2D5A413AD985}.Debug|x86.Build.0 = Debug|Any CPU
		{7282445F-6F02-41CA-8BC6-2D5A413AD985}.Release|Any CPU.ActiveCfg = Release|Any CPU
		{7282445F-6F02-41CA-8BC6-2D5A413AD985}.Release|Any CPU.Build.0 = Release|Any CPU
		{7282445F-6F02-41CA-8BC6-2D5A413AD985}.Release|x64.ActiveCfg = Release|Any CPU
		{7282445F-6F02-41CA-8BC6-2D5A413AD985}.Release|x64.Build.0 = Release|Any CPU
		{7282445F-6F02-41CA-8BC6-2D5A413AD985}.Release|x86.ActiveCfg = Release|Any CPU
		{7282445F-6F02-41CA-8BC6-2D5A413AD985}.Release|x86.Build.0 = Release|Any CPU
	EndGlobalSection
	GlobalSection(SolutionProperties) = preSolution
		HideSolutionNode = FALSE
	EndGlobalSection
	GlobalSection(NestedProjects) = preSolution
		{070F5B58-B25C-4932-8160-DD340A01016E} = {8BAB2CA9-E634-4EB2-AB69-01322F659CE0}
		{34520E32-EC7E-4672-A750-5CBF1E6081B1} = {8BAB2CA9-E634-4EB2-AB69-01322F659CE0}
		{5A1B5CD5-0452-4842-8028-12DD3AFE3ED0} = {8BAB2CA9-E634-4EB2-AB69-01322F659CE0}
		{877BA5D5-B5E7-40A4-8460-A12FFE8B5BB5} = {B38DE6EA-5369-401E-8360-10C9CDE0D315}
		{B08B1B5B-DF8D-42CD-B868-F2943097E578} = {B38DE6EA-5369-401E-8360-10C9CDE0D315}
		{E7B76952-B2C8-4DEC-B14B-EDF8DAF83B5C} = {B38DE6EA-5369-401E-8360-10C9CDE0D315}
		{A1BC80CD-0F41-4772-82D9-5A08A051D130} = {8BAB2CA9-E634-4EB2-AB69-01322F659CE0}
		{3B9DAD6C-2D6C-4E5A-92F8-333855D6FDBA} = {B38DE6EA-5369-401E-8360-10C9CDE0D315}
		{A830E118-0FAA-4738-B196-3C7FEAC07D3C} = {8BAB2CA9-E634-4EB2-AB69-01322F659CE0}
		{7282445F-6F02-41CA-8BC6-2D5A413AD985} = {B38DE6EA-5369-401E-8360-10C9CDE0D315}
	EndGlobalSection
	GlobalSection(ExtensibilityGlobals) = postSolution
		SolutionGuid = {D3931C3B-DC35-4C92-A77C-75F2C1278C2E}
	EndGlobalSection
EndGlobal
